connectrpc.com/connect v1.20.0 h1:6TNDAB+WeNd2uolWNlYczB5E0KNNaVMNUEx8JEUsPmQ=
connectrpc.com/connect v1.20.0/go.mod h1:A2ygJrukXwWy32vkCAAHNVguZrqZ+jeZ9rGRnGR4dN4=
github.com/google/go-cmp v0.7.0 h1:wk8382ETsv4JYUZwIsn6YpYiWiBsYLSJiTsyBybVuN8=
github.com/google/go-cmp v0.7.0/go.mod h1:pXiqmnSA92OHEEa9HXL2W4E7lf9JzCmGVUdgjX3N/iU=
github.com/pj-hoakari/protoc-gen-authz-go v0.0.0-20260713043500-b3b4e8ef4ac1 h1:MosVWscOxKRDib4rC4Iaw4IlOcvSzomq+fmc+MHbaEE=
github.com/pj-hoakari/protoc-gen-authz-go v0.0.0-20260713043500-b3b4e8ef4ac1/go.mod h1:98RbVaDNMGs+vCY9KDLS69B2IQNd7sgaRwqR4kjQi6Q=
github.com/pj-hoakari/protoc-gen-authz-go v0.0.0-20260713054412-02c94bf5b26e h1:QiJHg2Ix18nLu3JrhfVzuP4zYvAqntWCRM6xAacTyvY=
github.com/pj-hoakari/protoc-gen-authz-go v0.0.0-20260713054412-02c94bf5b26e/go.mod h1:98RbVaDNMGs+vCY9KDLS69B2IQNd7sgaRwqR4kjQi6Q=
github.com/pj-hoakari/protoc-gen-authz-go v0.0.0-20260713121916-bf1737e34722 h1:20/0AhEMsIWOq34/3db2223BKOjVx3B0oq5+e+TpNk0=
github.com/pj-hoakari/protoc-gen-authz-go v0.0.0-20260713121916-bf1737e34722/go.mod h1:98RbVaDNMGs+vCY9KDLS69B2IQNd7sgaRwqR4kjQi6Q=
github.com/pj-hoakari/protoc-gen-authz-go v0.1.0 h1:KhM9JrwmCW44KmxdzlWYvPgIJVPbtDhPTtqSNcuKRxY=
github.com/pj-hoakari/protoc-gen-authz-go v0.1.0/go.mod h1:98RbVaDNMGs+vCY9KDLS69B2IQNd7sgaRwqR4kjQi6Q=
google.golang.org/protobuf v1.36.11 h1:fV6ZwhNocDyBLK0dj+fg8ektcVegBBuEolpbTQyBNVE=
google.golang.org/protobuf v1.36.11/go.mod h1:HTf+CrKn2C3g5S8VImy6tdcUvCska2kB7j23XfzDpco=
